
Microsoft Visual Studio Solution File, Format Version 12.00
# Visual Studio 15
VisualStudioVersion = 15.0.27428.2005
MinimumVisualStudioVersion = 10.0.40219.1
Project("{FAE04EC0-301F-11D3-BF4B-00C04F79EFBC}") = "Arrays1DConsole", "Arrays1DConsole\Arrays1DConsole.csproj", "{7345C96B-C7C7-476C-8D9D-894B86370126}"
EndProject
Project("{FAE04EC0-301F-11D3-BF4B-00C04F79EFBC}") = "Arrays1DWinForms", "Arrays1DWinForms\Arrays1DWinForms.csproj", "{18722F77-C19F-419B-8B7D-045484E2B0E8}"
EndProject
Project("{FAE04EC0-301F-11D3-BF4B-00C04F79EFBC}") = "Arrays2DConsole", "Arrays2DConsole\Arrays2DConsole.csproj", "{BB003ED7-A8D6-4109-B138-FCE4B5F46914}"
EndProject
Project("{FAE04EC0-301F-11D3-BF4B-00C04F79EFBC}") = "Arrays2DWinForms", "Arrays2DWinForms\Arrays2DWinForms.csproj", "{C834B77F-9CE9-4424-A25B-EE2AE5587AA5}"
EndProject
Global
	GlobalSection(SolutionConfigurationPlatforms) = preSolution
		Debug|Any CPU = Debug|Any CPU
		Release|Any CPU = Release|Any CPU
	EndGlobalSection
	GlobalSection(ProjectConfigurationPlatforms) = postSolution
		{7345C96B-C7C7-476C-8D9D-894B86370126}.Debug|Any CPU.ActiveCfg = Debug|Any CPU
		{7345C96B-C7C7-476C-8D9D-894B86370126}.Debug|Any CPU.Build.0 = Debug|Any CPU
		{7345C96B-C7C7-476C-8D9D-894B86370126}.Release|Any CPU.ActiveCfg = Release|Any CPU
		{7345C96B-C7C7-476C-8D9D-894B86370126}.Release|Any CPU.Build.0 = Release|Any CPU
		{18722F77-C19F-419B-8B7D-045484E2B0E8}.Debug|Any CPU.ActiveCfg = Debug|Any CPU
		{18722F77-C19F-419B-8B7D-045484E2B0E8}.Debug|Any CPU.Build.0 = Debug|Any CPU
		{18722F77-C19F-419B-8B7D-045484E2B0E8}.Release|Any CPU.ActiveCfg = Release|Any CPU
		{18722F77-C19F-419B-8B7D-045484E2B0E8}.Release|Any CPU.Build.0 = Release|Any CPU
		{BB003ED7-A8D6-4109-B138-FCE4B5F46914}.Debug|Any CPU.ActiveCfg = Debug|Any CPU
		{BB003ED7-A8D6-4109-B138-FCE4B5F46914}.Debug|Any CPU.Build.0 = Debug|Any CPU
		{BB003ED7-A8D6-4109-B138-FCE4B5F46914}.Release|Any CPU.ActiveCfg = Release|Any CPU
		{BB003ED7-A8D6-4109-B138-FCE4B5F46914}.Release|Any CPU.Build.0 = Release|Any CPU
		{C834B77F-9CE9-4424-A25B-EE2AE5587AA5}.Debug|Any CPU.ActiveCfg = Debug|Any CPU
		{C834B77F-9CE9-4424-A25B-EE2AE5587AA5}.Debug|Any CPU.Build.0 = Debug|Any CPU
		{C834B77F-9CE9-4424-A25B-EE2AE5587AA5}.Release|Any CPU.ActiveCfg = Release|Any CPU
		{C834B77F-9CE9-4424-A25B-EE2AE5587AA5}.Release|Any CPU.Build.0 = Release|Any CPU
	EndGlobalSection
	GlobalSection(SolutionProperties) = preSolution
		HideSolutionNode = FALSE
	EndGlobalSection
	GlobalSection(ExtensibilityGlobals) = postSolution
		SolutionGuid = {4881A481-A7E1-49E9-B2C1-3618F8BCE3C3}
	EndGlobalSection
EndGlobal
